// !$*UTF8*$!
{
	archiveVersion = 1;
	classes = {
	};
	objectVersion = 48;
	objects = {

/* Begin PBXBuildFile section */
		01B8494F201BB9A600CE8B40 /* main.cpp in Sources */ = {isa = PBXBuildFile; fileRef = 01B8494E201BB9A600CE8B40 /* main.cpp */; };
		01FB7BE8201BBDA40077008C /* AdobeExtendScript.framework in Frameworks */ = {isa = PBXBuildFile; fileRef = 01FB7BE6201BBDA10077008C /* AdobeExtendScript.framework */; };
		01FB7BE9201BBDA70077008C /* AdobeScCore.framework in Frameworks */ = {isa = PBXBuildFile; fileRef = 01FB7BE7201BBDA10077008C /* AdobeScCore.framework */; };
		01FB7BEA201BC0DE0077008C /* AdobeExtendScript.framework in CopyFiles */ = {isa = PBXBuildFile; fileRef = 01FB7BE6201BBDA10077008C /* AdobeExtendScript.framework */; settings = {ATTRIBUTES = (CodeSignOnCopy, RemoveHeadersOnCopy, ); }; };
		01FB7BEB201BC0E20077008C /* AdobeScCore.framework in CopyFiles */ = {isa = PBXBuildFile; fileRef = 01FB7BE7201BBDA10077008C /* AdobeScCore.framework */; settings = {ATTRIBUTES = (CodeSignOnCopy, RemoveHeadersOnCopy, ); }; };
/* End PBXBuildFile section */

/* Begin PBXCopyFilesBuildPhase section */
		01B84949201BB9A600CE8B40 /* CopyFiles */ = {
			isa = PBXCopyFilesBuildPhase;
			buildActionMask = 12;
			dstPath = "";
			dstSubfolderSpec = 6;
			files = (
				01FB7BEA201BC0DE0077008C /* AdobeExtendScript.framework in CopyFiles */,
				01FB7BEB201BC0E20077008C /* AdobeScCore.framework in CopyFiles */,
			);
			runOnlyForDeploymentPostprocessing = 0;
		};
/* End PBXCopyFilesBuildPhase section */

/* Begin PBXFileReference section */
		01B8494B201BB9A600CE8B40 /* ESTK.cmd */ = {isa = PBXFileReference; explicitFileType = "compiled.mach-o.executable"; includeInIndex = 0; path = ESTK.cmd; sourceTree = BUILT_PRODUCTS_DIR; };
		01B8494E201BB9A600CE8B40 /* main.cpp */ = {isa = PBXFileReference; lastKnownFileType = sourcecode.cpp.cpp; path = main.cpp; sourceTree = "<group>"; };
		01FB7BE6201BBDA10077008C /* AdobeExtendScript.framework */ = {isa = PBXFileReference; lastKnownFileType = wrapper.framework; path = AdobeExtendScript.framework; sourceTree = "<group>"; };
		01FB7BE7201BBDA10077008C /* AdobeScCore.framework */ = {isa = PBXFileReference; lastKnownFileType = wrapper.framework; path = AdobeScCore.framework; sourceTree = "<group>"; };
		01FB7BEC201BC2480077008C /* ScScript */ = {isa = PBXFileReference; lastKnownFileType = folder; path = ScScript; sourceTree = "<group>"; };
		01FB7BED201BC2480077008C /* ScCore */ = {isa = PBXFileReference; lastKnownFileType = folder; path = ScCore; sourceTree = "<group>"; };
/* End PBXFileReference section */

/* Begin PBXFrameworksBuildPhase section */
		01B84948201BB9A600CE8B40 /* Frameworks */ = {
			isa = PBXFrameworksBuildPhase;
			buildActionMask = 2147483647;
			files = (
				01FB7BE8201BBDA40077008C /* AdobeExtendScript.framework in Frameworks */,
				01FB7BE9201BBDA70077008C /* AdobeScCore.framework in Frameworks */,
			);
			runOnlyForDeploymentPostprocessing = 0;
		};
/* End PBXFrameworksBuildPhase section */

/* Begin PBXGroup section */
		01B84942201BB9A600CE8B40 = {
			isa = PBXGroup;
			children = (
				01B8494D201BB9A600CE8B40 /* ESTK.cmd */,
				01B8494C201BB9A600CE8B40 /* Products */,
				01FB7BE6201BBDA10077008C /* AdobeExtendScript.framework */,
				01FB7BE7201BBDA10077008C /* AdobeScCore.framework */,
			);
			sourceTree = "<group>";
		};
		01B8494C201BB9A600CE8B40 /* Products */ = {
			isa = PBXGroup;
			children = (
				01B8494B201BB9A600CE8B40 /* ESTK.cmd */,
			);
			name = Products;
			sourceTree = "<group>";
		};
		01B8494D201BB9A600CE8B40 /* ESTK.cmd */ = {
			isa = PBXGroup;
			children = (
				01B8494E201BB9A600CE8B40 /* main.cpp */,
				01FB7BED201BC2480077008C /* ScCore */,
				01FB7BEC201BC2480077008C /* ScScript */,
			);
			path = ESTK.cmd;
			sourceTree = "<group>";
		};
/* End PBXGroup section */

/* Begin PBXNativeTarget section */
		01B8494A201BB9A600CE8B40 /* ESTK.cmd */ = {
			isa = PBXNativeTarget;
			buildConfigurationList = 01B84952201BB9A600CE8B40 /* Build configuration list for PBXNativeTarget "ESTK.cmd" */;
			buildPhases = (
				01B84947201BB9A600CE8B40 /* Sources */,
				01B84948201BB9A600CE8B40 /* Frameworks */,
				01B84949201BB9A600CE8B40 /* CopyFiles */,
			);
			buildRules = (
			);
			dependencies = (
			);
			name = ESTK.cmd;
			productName = ESTK.cmd;
			productReference = 01B8494B201BB9A600CE8B40 /* ESTK.cmd */;
			productType = "com.apple.product-type.tool";
		};
/* End PBXNativeTarget section */

/* Begin PBXProject section */
		01B84943201BB9A600CE8B40 /* Project object */ = {
			isa = PBXProject;
			attributes = {
				LastUpgradeCheck = 0900;
				ORGANIZATIONNAME = "Kris Coppieters";
				TargetAttributes = {
					01B8494A201BB9A600CE8B40 = {
						CreatedOnToolsVersion = 9.0;
						ProvisioningStyle = Automatic;
					};
				};
			};
			buildConfigurationList = 01B84946201BB9A600CE8B40 /* Build configuration list for PBXProject "ESTK.cmd" */;
			compatibilityVersion = "Xcode 8.0";
			developmentRegion = en;
			hasScannedForEncodings = 0;
			knownRegions = (
				en,
			);
			mainGroup = 01B84942201BB9A600CE8B40;
			productRefGroup = 01B8494C201BB9A600CE8B40 /* Products */;
			projectDirPath = "";
			projectRoot = "";
			targets = (
				01B8494A201BB9A600CE8B40 /* ESTK.cmd */,
			);
		};
/* End PBXProject section */

/* Begin PBXSourcesBuildPhase section */
		01B84947201BB9A600CE8B40 /* Sources */ = {
			isa = PBXSourcesBuildPhase;
			buildActionMask = 2147483647;
			files = (
				01B8494F201BB9A600CE8B40 /* main.cpp in Sources */,
			);
			runOnlyForDeploymentPostprocessing = 0;
		};
/* End PBXSourcesBuildPhase section */

/* Begin XCBuildConfiguration section */
		01B84950201BB9A600CE8B40 /* Debug */ = {
			isa = XCBuildConfiguration;
			buildSettings = {
				ALWAYS_SEARCH_USER_PATHS = NO;
				CLANG_ANALYZER_NONNULL = YES;
				CLANG_ANALYZER_NUMBER_OBJECT_CONVERSION = YES_AGGRESSIVE;
				CLANG_CXX_LANGUAGE_STANDARD = "gnu++14";
				CLANG_CXX_LIBRARY = "libc++";
				CLANG_ENABLE_MODULES = YES;
				CLANG_ENABLE_OBJC_ARC = YES;
				CLANG_WARN_BLOCK_CAPTURE_AUTORELEASING = YES;
				CLANG_WARN_BOOL_CONVERSION = YES;
				CLANG_WARN_COMMA = YES;
				CLANG_WARN_CONSTANT_CONVERSION = YES;
				CLANG_WARN_DIRECT_OBJC_ISA_USAGE = YES_ERROR;
				CLANG_WARN_DOCUMENTATION_COMMENTS = YES;
				CLANG_WARN_EMPTY_BODY = YES;
				CLANG_WARN_ENUM_CONVERSION = YES;
				CLANG_WARN_INFINITE_RECURSION = YES;
				CLANG_WARN_INT_CONVERSION = YES;
				CLANG_WARN_NON_LITERAL_NULL_CONVERSION = YES;
				CLANG_WARN_OBJC_LITERAL_CONVERSION = YES;
				CLANG_WARN_OBJC_ROOT_CLASS = YES_ERROR;
				CLANG_WARN_RANGE_LOOP_ANALYSIS = YES;
				CLANG_WARN_STRICT_PROTOTYPES = YES;
				CLANG_WARN_SUSPICIOUS_MOVE = YES;
				CLANG_WARN_UNGUARDED_AVAILABILITY = YES_AGGRESSIVE;
				CLANG_WARN_UNREACHABLE_CODE = YES;
				CLANG_WARN__DUPLICATE_METHOD_MATCH = YES;
				CODE_SIGN_IDENTITY = "-";
				COPY_PHASE_STRIP = NO;
				DEBUG_INFORMATION_FORMAT = dwarf;
				ENABLE_STRICT_OBJC_MSGSEND = YES;
				ENABLE_TESTABILITY = YES;
				GCC_C_LANGUAGE_STANDARD = gnu11;
				GCC_DYNAMIC_NO_PIC = NO;
				GCC_NO_COMMON_BLOCKS = YES;
				GCC_OPTIMIZATION_LEVEL = 0;
				GCC_PREPROCESSOR_DEFINITIONS = (
					"DEBUG=1",
					"$(inherited)",
				);
				GCC_WARN_64_TO_32_BIT_CONVERSION = YES;
				GCC_WARN_ABOUT_RETURN_TYPE = YES_ERROR;
				GCC_WARN_UNDECLARED_SELECTOR = YES;
				GCC_WARN_UNINITIALIZED_AUTOS = YES_AGGRESSIVE;
				GCC_WARN_UNUSED_FUNCTION = YES;
				GCC_WARN_UNUSED_VARIABLE = YES;
				MACOSX_DEPLOYMENT_TARGET = 10.13;
				MTL_ENABLE_DEBUG_INFO = YES;
				ONLY_ACTIVE_ARCH = YES;
				SDKROOT = macosx;
			};
			name = Debug;
		};
		01B84951201BB9A600CE8B40 /* Release */ = {
			isa = XCBuildConfiguration;
			buildSettings = {
				ALWAYS_SEARCH_USER_PATHS = NO;
				CLANG_ANALYZER_NONNULL = YES;
				CLANG_ANALYZER_NUMBER_OBJECT_CONVERSION = YES_AGGRESSIVE;
				CLANG_CXX_LANGUAGE_STANDARD = "gnu++14";
				CLANG_CXX_LIBRARY = "libc++";
				CLANG_ENABLE_MODULES = YES;
				CLANG_ENABLE_OBJC_ARC = YES;
				CLANG_WARN_BLOCK_CAPTURE_AUTORELEASING = YES;
				CLANG_WARN_BOOL_CONVERSION = YES;
				CLANG_WARN_COMMA = YES;
				CLANG_WARN_CONSTANT_CONVERSION = YES;
				CLANG_WARN_DIRECT_OBJC_ISA_USAGE = YES_ERROR;
				CLANG_WARN_DOCUMENTATION_COMMENTS = YES;
				CLANG_WARN_EMPTY_BODY = YES;
				CLANG_WARN_ENUM_CONVERSION = YES;
				CLANG_WARN_INFINITE_RECURSION = YES;
				CLANG_WARN_INT_CONVERSION = YES;
				CLANG_WARN_NON_LITERAL_NULL_CONVERSION = YES;
				CLANG_WARN_OBJC_LITERAL_CONVERSION = YES;
				CLANG_WARN_OBJC_ROOT_CLASS = YES_ERROR;
				CLANG_WARN_RANGE_LOOP_ANALYSIS = YES;
				CLANG_WARN_STRICT_PROTOTYPES = YES;
				CLANG_WARN_SUSPICIOUS_MOVE = YES;
				CLANG_WARN_UNGUARDED_AVAILABILITY = YES_AGGRESSIVE;
				CLANG_WARN_UNREACHABLE_CODE = YES;
				CLANG_WARN__DUPLICATE_METHOD_MATCH = YES;
				CODE_SIGN_IDENTITY = "-";
				COPY_PHASE_STRIP = NO;
				DEBUG_INFORMATION_FORMAT = "dwarf-with-dsym";
				ENABLE_NS_ASSERTIONS = NO;
				ENABLE_STRICT_OBJC_MSGSEND = YES;
				GCC_C_LANGUAGE_STANDARD = gnu11;
				GCC_NO_COMMON_BLOCKS = YES;
				GCC_WARN_64_TO_32_BIT_CONVERSION = YES;
				GCC_WARN_ABOUT_RETURN_TYPE = YES_ERROR;
				GCC_WARN_UNDECLARED_SELECTOR = YES;
				GCC_WARN_UNINITIALIZED_AUTOS = YES_AGGRESSIVE;
				GCC_WARN_UNUSED_FUNCTION = YES;
				GCC_WARN_UNUSED_VARIABLE = YES;
				MACOSX_DEPLOYMENT_TARGET = 10.13;
				MTL_ENABLE_DEBUG_INFO = NO;
				SDKROOT = macosx;
			};
			name = Release;
		};
		01B84953201BB9A600CE8B40 /* Debug */ = {
			isa = XCBuildConfiguration;
			buildSettings = {
				ALWAYS_SEARCH_USER_PATHS = YES;
				ARCHS = "$(ARCHS_STANDARD_32_64_BIT)";
				CODE_SIGN_STYLE = Automatic;
				FRAMEWORK_SEARCH_PATHS = (
					"$(inherited)",
					"$(PROJECT_DIR)",
				);
				LIBRARY_SEARCH_PATHS = (
					"$(inherited)",
					"$(PROJECT_DIR)",
				);
				MACOSX_DEPLOYMENT_TARGET = 10.7;
				PRODUCT_NAME = "$(TARGET_NAME)";
				SDKROOT = macosx10.7;
				VALID_ARCHS = x86_64;
			};
			name = Debug;
		};
		01B84954201BB9A600CE8B40 /* Release */ = {
			isa = XCBuildConfiguration;
			buildSettings = {
				ALWAYS_SEARCH_USER_PATHS = YES;
				ARCHS = "$(ARCHS_STANDARD_32_64_BIT)";
				CODE_SIGN_STYLE = Automatic;
				FRAMEWORK_SEARCH_PATHS = (
					"$(inherited)",
					"$(PROJECT_DIR)",
				);
				LIBRARY_SEARCH_PATHS = (
					"$(inherited)",
					"$(PROJECT_DIR)",
				);
				MACOSX_DEPLOYMENT_TARGET = 10.7;
				PRODUCT_NAME = "$(TARGET_NAME)";
				SDKROOT = macosx10.7;
				VALID_ARCHS = x86_64;
			};
			name = Release;
		};
/* End XCBuildConfiguration section */

/* Begin XCConfigurationList section */
		01B84946201BB9A600CE8B40 /* Build configuration list for PBXProject "ESTK.cmd" */ = {
			isa = XCConfigurationList;
			buildConfigurations = (
				01B84950201BB9A600CE8B40 /* Debug */,
				01B84951201BB9A600CE8B40 /* Release */,
			);
			defaultConfigurationIsVisible = 0;
			defaultConfigurationName = Release;
		};
		01B84952201BB9A600CE8B40 /* Build configuration list for PBXNativeTarget "ESTK.cmd" */ = {
			isa = XCConfigurationList;
			buildConfigurations = (
				01B84953201BB9A600CE8B40 /* Debug */,
				01B84954201BB9A600CE8B40 /* Release */,
			);
			defaultConfigurationIsVisible = 0;
			defaultConfigurationName = Release;
		};
/* End XCConfigurationList section */
	};
	rootObject = 01B84943201BB9A600CE8B40 /* Project object */;
}
